
Microsoft Visual Studio Solution File, Format Version 12.00
# Visual Studio Version 16
VisualStudioVersion = 16.0.30907.101
MinimumVisualStudioVersion = 10.0.40219.1
Project("{FAE04EC0-301F-11D3-BF4B-00C04F79EFBC}") = "Exercicio01", "Exercicio01\Exercicio01.csproj", "{2A83AF8D-32DE-4CF0-87A5-C50B042E2A3A}"
EndProject
Project("{FAE04EC0-301F-11D3-BF4B-00C04F79EFBC}") = "Exercicio02", "Exercicio02\Exercicio02.csproj", "{E6FCACC2-AECA-4065-A72C-1B9D8E883626}"
EndProject
Project("{FAE04EC0-301F-11D3-BF4B-00C04F79EFBC}") = "Exercicio03", "Exercicio03\Exercicio03.csproj", "{0E031921-DCC8-4711-8AAE-CA27277AEBD8}"
EndProject
Global
	GlobalSection(SolutionConfigurationPlatforms) = preSolution
		Debug|Any CPU = Debug|Any CPU
		Release|Any CPU = Release|Any CPU
	EndGlobalSection
	GlobalSection(ProjectConfigurationPlatforms) = postSolution
		{2A83AF8D-32DE-4CF0-87A5-C50B042E2A3A}.Debug|Any CPU.ActiveCfg = Debug|Any CPU
		{2A83AF8D-32DE-4CF0-87A5-C50B042E2A3A}.Debug|Any CPU.Build.0 = Debug|Any CPU
		{2A83AF8D-32DE-4CF0-87A5-C50B042E2A3A}.Release|Any CPU.ActiveCfg = Release|Any CPU
		{2A83AF8D-32DE-4CF0-87A5-C50B042E2A3A}.Release|Any CPU.Build.0 = Release|Any CPU
		{E6FCACC2-AECA-4065-A72C-1B9D8E883626}.Debug|Any CPU.ActiveCfg = Debug|Any CPU
		{E6FCACC2-AECA-4065-A72C-1B9D8E883626}.Debug|Any CPU.Build.0 = Debug|Any CPU
		{E6FCACC2-AECA-4065-A72C-1B9D8E883626}.Release|Any CPU.ActiveCfg = Release|Any CPU
		{E6FCACC2-AECA-4065-A72C-1B9D8E883626}.Release|Any CPU.Build.0 = Release|Any CPU
		{0E031921-DCC8-4711-8AAE-CA27277AEBD8}.Debug|Any CPU.ActiveCfg = Debug|Any CPU
		{0E031921-DCC8-4711-8AAE-CA27277AEBD8}.Debug|Any CPU.Build.0 = Debug|Any CPU
		{0E031921-DCC8-4711-8AAE-CA27277AEBD8}.Release|Any CPU.ActiveCfg = Release|Any CPU
		{0E031921-DCC8-4711-8AAE-CA27277AEBD8}.Release|Any CPU.Build.0 = Release|Any CPU
	EndGlobalSection
	GlobalSection(SolutionProperties) = preSolution
		HideSolutionNode = FALSE
	EndGlobalSection
	GlobalSection(ExtensibilityGlobals) = postSolution
		SolutionGuid = {BA1C2B2C-7C61-49C4-9B30-7162ED449B4C}
	EndGlobalSection
EndGlobal
